// !$*UTF8*$!
{
	archiveVersion = 1;
	classes = {
	};
	objectVersion = 50;
	objects = {

/* Begin PBXBuildFile section */
		BB32DCEA2110F2AE00328A0B /* MediaRepresentation.swift in Sources */ = {isa = PBXBuildFile; fileRef = BB9070902110E10600E0AA08 /* MediaRepresentation.swift */; };
		BB32DCEC2110FCFD00328A0B /* Pagination.swift in Sources */ = {isa = PBXBuildFile; fileRef = BB32DCEB2110FCFD00328A0B /* Pagination.swift */; };
		BB32DCF02110FD2700328A0B /* PaginationTests.swift in Sources */ = {isa = PBXBuildFile; fileRef = BB32DCEF2110FD2700328A0B /* PaginationTests.swift */; };
		BB90706D2110E02100E0AA08 /* AppDelegate.swift in Sources */ = {isa = PBXBuildFile; fileRef = BB90706C2110E02100E0AA08 /* AppDelegate.swift */; };
		BB90706F2110E02100E0AA08 /* MasterViewController.swift in Sources */ = {isa = PBXBuildFile; fileRef = BB90706E2110E02100E0AA08 /* MasterViewController.swift */; };
		BB9070712110E02100E0AA08 /* DetailViewController.swift in Sources */ = {isa = PBXBuildFile; fileRef = BB9070702110E02100E0AA08 /* DetailViewController.swift */; };
		BB9070742110E02100E0AA08 /* Main.storyboard in Resources */ = {isa = PBXBuildFile; fileRef = BB9070722110E02100E0AA08 /* Main.storyboard */; };
		BB9070762110E02400E0AA08 /* Assets.xcassets in Resources */ = {isa = PBXBuildFile; fileRef = BB9070752110E02400E0AA08 /* Assets.xcassets */; };
		BB9070792110E02400E0AA08 /* LaunchScreen.storyboard in Resources */ = {isa = PBXBuildFile; fileRef = BB9070772110E02400E0AA08 /* LaunchScreen.storyboard */; };
		BB9070842110E02400E0AA08 /* GiphyExplorerTests.swift in Sources */ = {isa = PBXBuildFile; fileRef = BB9070832110E02400E0AA08 /* GiphyExplorerTests.swift */; };
		BB9070962110E17A00E0AA08 /* MediaRepresentationTests.swift in Sources */ = {isa = PBXBuildFile; fileRef = BB9070952110E17A00E0AA08 /* MediaRepresentationTests.swift */; };
		BB9070982110F21100E0AA08 /* Image.swift in Sources */ = {isa = PBXBuildFile; fileRef = BB9070972110F21100E0AA08 /* Image.swift */; };
		BB90709C2110F23200E0AA08 /* ImageTests.swift in Sources */ = {isa = PBXBuildFile; fileRef = BB90709B2110F23200E0AA08 /* ImageTests.swift */; };
		BB96F4DB2111029800ECD809 /* Promise.swift in Sources */ = {isa = PBXBuildFile; fileRef = BB96F4DA2111029800ECD809 /* Promise.swift */; };
		BB96F4DD211102A000ECD809 /* PromiseTests.swift in Sources */ = {isa = PBXBuildFile; fileRef = BB96F4DC211102A000ECD809 /* PromiseTests.swift */; };
		BBFB8A3021110332006BB803 /* NetworkingClient.swift in Sources */ = {isa = PBXBuildFile; fileRef = BBFB8A2F21110332006BB803 /* NetworkingClient.swift */; };
		BBFB8A3221110372006BB803 /* GiphyClient.swift in Sources */ = {isa = PBXBuildFile; fileRef = BBFB8A3121110372006BB803 /* GiphyClient.swift */; };
		BBFB8A3521110784006BB803 /* Response.swift in Sources */ = {isa = PBXBuildFile; fileRef = BBFB8A3421110784006BB803 /* Response.swift */; };
		BBFB8A37211107FD006BB803 /* ResponseTests.swift in Sources */ = {isa = PBXBuildFile; fileRef = BBFB8A36211107FD006BB803 /* ResponseTests.swift */; };
		BBFB8A39211108A0006BB803 /* trendingResponse.json in Resources */ = {isa = PBXBuildFile; fileRef = BBFB8A38211108A0006BB803 /* trendingResponse.json */; };
		BBFB8A3B2111144D006BB803 /* APIKey.plist in Resources */ = {isa = PBXBuildFile; fileRef = BBFB8A3A2111144D006BB803 /* APIKey.plist */; };
		BBFB8A3F21113E83006BB803 /* giantResponse.json in Resources */ = {isa = PBXBuildFile; fileRef = BBFB8A3E21113E83006BB803 /* giantResponse.json */; };
		BBFB8A4221115BDD006BB803 /* ImageCollectionViewLayout.swift in Sources */ = {isa = PBXBuildFile; fileRef = BBFB8A4121115BDD006BB803 /* ImageCollectionViewLayout.swift */; };
		BBFB8A44211232E1006BB803 /* DownloadController.swift in Sources */ = {isa = PBXBuildFile; fileRef = BBFB8A43211232E0006BB803 /* DownloadController.swift */; };
		BBFB8A4621123EE2006BB803 /* DownloadControllerTests.swift in Sources */ = {isa = PBXBuildFile; fileRef = BBFB8A4521123EE1006BB803 /* DownloadControllerTests.swift */; };
		BBFB8A4E2112AD30006BB803 /* MediaRepresentation+Size.swift in Sources */ = {isa = PBXBuildFile; fileRef = BBFB8A4D2112AD30006BB803 /* MediaRepresentation+Size.swift */; };
/* End PBXBuildFile section */

/* Begin PBXContainerItemProxy section */
		BB9070802110E02400E0AA08 /* PBXContainerItemProxy */ = {
			isa = PBXContainerItemProxy;
			containerPortal = BB9070612110E02100E0AA08 /* Project object */;
			proxyType = 1;
			remoteGlobalIDString = BB9070682110E02100E0AA08;
			remoteInfo = GiphyExplorer;
		};
/* End PBXContainerItemProxy section */

/* Begin PBXFileReference section */
		BB32DCEB2110FCFD00328A0B /* Pagination.swift */ = {isa = PBXFileReference; lastKnownFileType = sourcecode.swift; path = Pagination.swift; sourceTree = "<group>"; };
		BB32DCEF2110FD2700328A0B /* PaginationTests.swift */ = {isa = PBXFileReference; lastKnownFileType = sourcecode.swift; path = PaginationTests.swift; sourceTree = "<group>"; };
		BB9070692110E02100E0AA08 /* GiphyExplorer.app */ = {isa = PBXFileReference; explicitFileType = wrapper.application; includeInIndex = 0; path = GiphyExplorer.app; sourceTree = BUILT_PRODUCTS_DIR; };
		BB90706C2110E02100E0AA08 /* AppDelegate.swift */ = {isa = PBXFileReference; lastKnownFileType = sourcecode.swift; path = AppDelegate.swift; sourceTree = "<group>"; };
		BB90706E2110E02100E0AA08 /* MasterViewController.swift */ = {isa = PBXFileReference; lastKnownFileType = sourcecode.swift; path = MasterViewController.swift; sourceTree = "<group>"; };
		BB9070702110E02100E0AA08 /* DetailViewController.swift */ = {isa = PBXFileReference; lastKnownFileType = sourcecode.swift; path = DetailViewController.swift; sourceTree = "<group>"; };
		BB9070732110E02100E0AA08 /* Base */ = {isa = PBXFileReference; lastKnownFileType = file.storyboard; name = Base; path = Base.lproj/Main.storyboard; sourceTree = "<group>"; };
		BB9070752110E02400E0AA08 /* Assets.xcassets */ = {isa = PBXFileReference; lastKnownFileType = folder.assetcatalog; path = Assets.xcassets; sourceTree = "<group>"; };
		BB9070782110E02400E0AA08 /* Base */ = {isa = PBXFileReference; lastKnownFileType = file.storyboard; name = Base; path = Base.lproj/LaunchScreen.storyboard; sourceTree = "<group>"; };
		BB90707A2110E02400E0AA08 /* Info.plist */ = {isa = PBXFileReference; lastKnownFileType = text.plist.xml; path = Info.plist; sourceTree = "<group>"; };
		BB90707F2110E02400E0AA08 /* GiphyExplorerTests.xctest */ = {isa = PBXFileReference; explicitFileType = wrapper.cfbundle; includeInIndex = 0; path = GiphyExplorerTests.xctest; sourceTree = BUILT_PRODUCTS_DIR; };
		BB9070832110E02400E0AA08 /* GiphyExplorerTests.swift */ = {isa = PBXFileReference; lastKnownFileType = sourcecode.swift; path = GiphyExplorerTests.swift; sourceTree = "<group>"; };
		BB9070852110E02400E0AA08 /* Info.plist */ = {isa = PBXFileReference; lastKnownFileType = text.plist.xml; path = Info.plist; sourceTree = "<group>"; };
		BB9070902110E10600E0AA08 /* MediaRepresentation.swift */ = {isa = PBXFileReference; lastKnownFileType = sourcecode.swift; path = MediaRepresentation.swift; sourceTree = "<group>"; };
		BB9070952110E17A00E0AA08 /* MediaRepresentationTests.swift */ = {isa = PBXFileReference; lastKnownFileType = sourcecode.swift; path = MediaRepresentationTests.swift; sourceTree = "<group>"; };
		BB9070972110F21100E0AA08 /* Image.swift */ = {isa = PBXFileReference; lastKnownFileType = sourcecode.swift; path = Image.swift; sourceTree = "<group>"; };
		BB90709B2110F23200E0AA08 /* ImageTests.swift */ = {isa = PBXFileReference; lastKnownFileType = sourcecode.swift; path = ImageTests.swift; sourceTree = "<group>"; };
		BB96F4DA2111029800ECD809 /* Promise.swift */ = {isa = PBXFileReference; fileEncoding = 4; lastKnownFileType = sourcecode.swift; path = Promise.swift; sourceTree = "<group>"; };
		BB96F4DC211102A000ECD809 /* PromiseTests.swift */ = {isa = PBXFileReference; fileEncoding = 4; lastKnownFileType = sourcecode.swift; path = PromiseTests.swift; sourceTree = "<group>"; };
		BBFB8A2F21110332006BB803 /* NetworkingClient.swift */ = {isa = PBXFileReference; lastKnownFileType = sourcecode.swift; path = NetworkingClient.swift; sourceTree = "<group>"; };
		BBFB8A3121110372006BB803 /* GiphyClient.swift */ = {isa = PBXFileReference; lastKnownFileType = sourcecode.swift; path = GiphyClient.swift; sourceTree = "<group>"; };
		BBFB8A3421110784006BB803 /* Response.swift */ = {isa = PBXFileReference; lastKnownFileType = sourcecode.swift; path = Response.swift; sourceTree = "<group>"; };
		BBFB8A36211107FD006BB803 /* ResponseTests.swift */ = {isa = PBXFileReference; lastKnownFileType = sourcecode.swift; path = ResponseTests.swift; sourceTree = "<group>"; };
		BBFB8A38211108A0006BB803 /* trendingResponse.json */ = {isa = PBXFileReference; lastKnownFileType = text.json; path = trendingResponse.json; sourceTree = "<group>"; };
		BBFB8A3A2111144D006BB803 /* APIKey.plist */ = {isa = PBXFileReference; lastKnownFileType = text.plist.xml; path = APIKey.plist; sourceTree = "<group>"; };
		BBFB8A3E21113E83006BB803 /* giantResponse.json */ = {isa = PBXFileReference; lastKnownFileType = text.json; path = giantResponse.json; sourceTree = "<group>"; };
		BBFB8A4121115BDD006BB803 /* ImageCollectionViewLayout.swift */ = {isa = PBXFileReference; lastKnownFileType = sourcecode.swift; path = ImageCollectionViewLayout.swift; sourceTree = "<group>"; };
		BBFB8A43211232E0006BB803 /* DownloadController.swift */ = {isa = PBXFileReference; lastKnownFileType = sourcecode.swift; path = DownloadController.swift; sourceTree = "<group>"; };
		BBFB8A4521123EE1006BB803 /* DownloadControllerTests.swift */ = {isa = PBXFileReference; lastKnownFileType = sourcecode.swift; path = DownloadControllerTests.swift; sourceTree = "<group>"; };
		BBFB8A4D2112AD30006BB803 /* MediaRepresentation+Size.swift */ = {isa = PBXFileReference; lastKnownFileType = sourcecode.swift; path = "MediaRepresentation+Size.swift"; sourceTree = "<group>"; };
/* End PBXFileReference section */

/* Begin PBXFrameworksBuildPhase section */
		BB9070662110E02100E0AA08 /* Frameworks */ = {
			isa = PBXFrameworksBuildPhase;
			buildActionMask = 2147483647;
			files = (
			);
			runOnlyForDeploymentPostprocessing = 0;
		};
		BB90707C2110E02400E0AA08 /* Frameworks */ = {
			isa = PBXFrameworksBuildPhase;
			buildActionMask = 2147483647;
			files = (
			);
			runOnlyForDeploymentPostprocessing = 0;
		};
/* End PBXFrameworksBuildPhase section */

/* Begin PBXGroup section */
		BB9070602110E02100E0AA08 = {
			isa = PBXGroup;
			children = (
				BB90706B2110E02100E0AA08 /* GiphyExplorer */,
				BB9070822110E02400E0AA08 /* GiphyExplorerTests */,
				BB90706A2110E02100E0AA08 /* Products */,
			);
			sourceTree = "<group>";
		};
		BB90706A2110E02100E0AA08 /* Products */ = {
			isa = PBXGroup;
			children = (
				BB9070692110E02100E0AA08 /* GiphyExplorer.app */,
				BB90707F2110E02400E0AA08 /* GiphyExplorerTests.xctest */,
			);
			name = Products;
			sourceTree = "<group>";
		};
		BB90706B2110E02100E0AA08 /* GiphyExplorer */ = {
			isa = PBXGroup;
			children = (
				BBFB8A4021115BA8006BB803 /* UI */,
				BB96F4DA2111029800ECD809 /* Promise.swift */,
				BBFB8A2E21110312006BB803 /* Networking */,
				BB90708E2110E0A900E0AA08 /* Model */,
				BB9070772110E02400E0AA08 /* LaunchScreen.storyboard */,
				BB90707A2110E02400E0AA08 /* Info.plist */,
				BBFB8A3A2111144D006BB803 /* APIKey.plist */,
			);
			path = GiphyExplorer;
			sourceTree = "<group>";
		};
		BB9070822110E02400E0AA08 /* GiphyExplorerTests */ = {
			isa = PBXGroup;
			children = (
				BBFB8A3321110755006BB803 /* Networking */,
				BB96F4DC211102A000ECD809 /* PromiseTests.swift */,
				BB9070942110E15100E0AA08 /* Model */,
				BB90708F2110E0C300E0AA08 /* json */,
				BB9070832110E02400E0AA08 /* GiphyExplorerTests.swift */,
				BB9070852110E02400E0AA08 /* Info.plist */,
			);
			path = GiphyExplorerTests;
			sourceTree = "<group>";
		};
		BB90708E2110E0A900E0AA08 /* Model */ = {
			isa = PBXGroup;
			children = (
				BB9070902110E10600E0AA08 /* MediaRepresentation.swift */,
				BB9070972110F21100E0AA08 /* Image.swift */,
				BB32DCEB2110FCFD00328A0B /* Pagination.swift */,
				BBFB8A3421110784006BB803 /* Response.swift */,
				BBFB8A4D2112AD30006BB803 /* MediaRepresentation+Size.swift */,
			);
			path = Model;
			sourceTree = "<group>";
		};
		BB90708F2110E0C300E0AA08 /* json */ = {
			isa = PBXGroup;
			children = (
				BBFB8A38211108A0006BB803 /* trendingResponse.json */,
				BBFB8A3E21113E83006BB803 /* giantResponse.json */,
			);
			path = json;
			sourceTree = "<group>";
		};
		BB9070942110E15100E0AA08 /* Model */ = {
			isa = PBXGroup;
			children = (
				BB9070952110E17A00E0AA08 /* MediaRepresentationTests.swift */,
				BB90709B2110F23200E0AA08 /* ImageTests.swift */,
				BB32DCEF2110FD2700328A0B /* PaginationTests.swift */,
				BBFB8A36211107FD006BB803 /* ResponseTests.swift */,
			);
			path = Model;
			sourceTree = "<group>";
		};
		BBFB8A2E21110312006BB803 /* Networking */ = {
			isa = PBXGroup;
			children = (
				BBFB8A2F21110332006BB803 /* NetworkingClient.swift */,
				BBFB8A3121110372006BB803 /* GiphyClient.swift */,
				BBFB8A43211232E0006BB803 /* DownloadController.swift */,
			);
			path = Networking;
			sourceTree = "<group>";
		};
		BBFB8A3321110755006BB803 /* Networking */ = {
			isa = PBXGroup;
			children = (
				BBFB8A4521123EE1006BB803 /* DownloadControllerTests.swift */,
			);
			path = Networking;
			sourceTree = "<group>";
		};
		BBFB8A4021115BA8006BB803 /* UI */ = {
			isa = PBXGroup;
			children = (
				BB90706C2110E02100E0AA08 /* AppDelegate.swift */,
				BB90706E2110E02100E0AA08 /* MasterViewController.swift */,
				BB9070702110E02100E0AA08 /* DetailViewController.swift */,
				BB9070722110E02100E0AA08 /* Main.storyboard */,
				BB9070752110E02400E0AA08 /* Assets.xcassets */,
				BBFB8A4121115BDD006BB803 /* ImageCollectionViewLayout.swift */,
			);
			path = UI;
			sourceTree = "<group>";
		};
/* End PBXGroup section */

/* Begin PBXNativeTarget section */
		BB9070682110E02100E0AA08 /* GiphyExplorer */ = {
			isa = PBXNativeTarget;
			buildConfigurationList = BB9070882110E02400E0AA08 /* Build configuration list for PBXNativeTarget "GiphyExplorer" */;
			buildPhases = (
				BB9070652110E02100E0AA08 /* Sources */,
				BB9070662110E02100E0AA08 /* Frameworks */,
				BB9070672110E02100E0AA08 /* Resources */,
			);
			buildRules = (
			);
			dependencies = (
			);
			name = GiphyExplorer;
			productName = GiphyExplorer;
			productReference = BB9070692110E02100E0AA08 /* GiphyExplorer.app */;
			productType = "com.apple.product-type.application";
		};
		BB90707E2110E02400E0AA08 /* GiphyExplorerTests */ = {
			isa = PBXNativeTarget;
			buildConfigurationList = BB90708B2110E02400E0AA08 /* Build configuration list for PBXNativeTarget "GiphyExplorerTests" */;
			buildPhases = (
				BB90707B2110E02400E0AA08 /* Sources */,
				BB90707C2110E02400E0AA08 /* Frameworks */,
				BB90707D2110E02400E0AA08 /* Resources */,
			);
			buildRules = (
			);
			dependencies = (
				BB9070812110E02400E0AA08 /* PBXTargetDependency */,
			);
			name = GiphyExplorerTests;
			productName = GiphyExplorerTests;
			productReference = BB90707F2110E02400E0AA08 /* GiphyExplorerTests.xctest */;
			productType = "com.apple.product-type.bundle.unit-test";
		};
/* End PBXNativeTarget section */

/* Begin PBXProject section */
		BB9070612110E02100E0AA08 /* Project object */ = {
			isa = PBXProject;
			attributes = {
				LastSwiftUpdateCheck = 1000;
				LastUpgradeCheck = 1000;
				ORGANIZATIONNAME = "Max von Webel";
				TargetAttributes = {
					BB9070682110E02100E0AA08 = {
						CreatedOnToolsVersion = 10.0;
					};
					BB90707E2110E02400E0AA08 = {
						CreatedOnToolsVersion = 10.0;
						TestTargetID = BB9070682110E02100E0AA08;
					};
				};
			};
			buildConfigurationList = BB9070642110E02100E0AA08 /* Build configuration list for PBXProject "GiphyExplorer" */;
			compatibilityVersion = "Xcode 9.3";
			developmentRegion = en;
			hasScannedForEncodings = 0;
			knownRegions = (
				en,
				Base,
			);
			mainGroup = BB9070602110E02100E0AA08;
			productRefGroup = BB90706A2110E02100E0AA08 /* Products */;
			projectDirPath = "";
			projectRoot = "";
			targets = (
				BB9070682110E02100E0AA08 /* GiphyExplorer */,
				BB90707E2110E02400E0AA08 /* GiphyExplorerTests */,
			);
		};
/* End PBXProject section */

/* Begin PBXResourcesBuildPhase section */
		BB9070672110E02100E0AA08 /* Resources */ = {
			isa = PBXResourcesBuildPhase;
			buildActionMask = 2147483647;
			files = (
				BB9070792110E02400E0AA08 /* LaunchScreen.storyboard in Resources */,
				BBFB8A3B2111144D006BB803 /* APIKey.plist in Resources */,
				BB9070762110E02400E0AA08 /* Assets.xcassets in Resources */,
				BB9070742110E02100E0AA08 /* Main.storyboard in Resources */,
			);
			runOnlyForDeploymentPostprocessing = 0;
		};
		BB90707D2110E02400E0AA08 /* Resources */ = {
			isa = PBXResourcesBuildPhase;
			buildActionMask = 2147483647;
			files = (
				BBFB8A3F21113E83006BB803 /* giantResponse.json in Resources */,
				BBFB8A39211108A0006BB803 /* trendingResponse.json in Resources */,
			);
			runOnlyForDeploymentPostprocessing = 0;
		};
/* End PBXResourcesBuildPhase section */

/* Begin PBXSourcesBuildPhase section */
		BB9070652110E02100E0AA08 /* Sources */ = {
			isa = PBXSourcesBuildPhase;
			buildActionMask = 2147483647;
			files = (
				BB9070712110E02100E0AA08 /* DetailViewController.swift in Sources */,
				BB32DCEA2110F2AE00328A0B /* MediaRepresentation.swift in Sources */,
				BB96F4DB2111029800ECD809 /* Promise.swift in Sources */,
				BBFB8A44211232E1006BB803 /* DownloadController.swift in Sources */,
				BB9070982110F21100E0AA08 /* Image.swift in Sources */,
				BBFB8A4221115BDD006BB803 /* ImageCollectionViewLayout.swift in Sources */,
				BBFB8A3521110784006BB803 /* Response.swift in Sources */,
				BBFB8A3221110372006BB803 /* GiphyClient.swift in Sources */,
				BB32DCEC2110FCFD00328A0B /* Pagination.swift in Sources */,
				BB90706F2110E02100E0AA08 /* MasterViewController.swift in Sources */,
				BBFB8A4E2112AD30006BB803 /* MediaRepresentation+Size.swift in Sources */,
				BB90706D2110E02100E0AA08 /* AppDelegate.swift in Sources */,
				BBFB8A3021110332006BB803 /* NetworkingClient.swift in Sources */,
			);
			runOnlyForDeploymentPostprocessing = 0;
		};
		BB90707B2110E02400E0AA08 /* Sources */ = {
			isa = PBXSourcesBuildPhase;
			buildActionMask = 2147483647;
			files = (
				BB9070962110E17A00E0AA08 /* MediaRepresentationTests.swift in Sources */,
				BB32DCF02110FD2700328A0B /* PaginationTests.swift in Sources */,
				BBFB8A4621123EE2006BB803 /* DownloadControllerTests.swift in Sources */,
				BB96F4DD211102A000ECD809 /* PromiseTests.swift in Sources */,
				BB90709C2110F23200E0AA08 /* ImageTests.swift in Sources */,
				BBFB8A37211107FD006BB803 /* ResponseTests.swift in Sources */,
				BB9070842110E02400E0AA08 /* GiphyExplorerTests.swift in Sources */,
			);
			runOnlyForDeploymentPostprocessing = 0;
		};
/* End PBXSourcesBuildPhase section */

/* Begin PBXTargetDependency section */
		BB9070812110E02400E0AA08 /* PBXTargetDependency */ = {
			isa = PBXTargetDependency;
			target = BB9070682110E02100E0AA08 /* GiphyExplorer */;
			targetProxy = BB9070802110E02400E0AA08 /* PBXContainerItemProxy */;
		};
/* End PBXTargetDependency section */

/* Begin PBXVariantGroup section */
		BB9070722110E02100E0AA08 /* Main.storyboard */ = {
			isa = PBXVariantGroup;
			children = (
				BB9070732110E02100E0AA08 /* Base */,
			);
			name = Main.storyboard;
			sourceTree = "<group>";
		};
		BB9070772110E02400E0AA08 /* LaunchScreen.storyboard */ = {
			isa = PBXVariantGroup;
			children = (
				BB9070782110E02400E0AA08 /* Base */,
			);
			name = LaunchScreen.storyboard;
			sourceTree = "<group>";
		};
/* End PBXVariantGroup section */

/* Begin XCBuildConfiguration section */
		BB9070862110E02400E0AA08 /* Debug */ = {
			isa = XCBuildConfiguration;
			buildSettings = {
				ALWAYS_SEARCH_USER_PATHS = NO;
				CLANG_ANALYZER_NONNULL = YES;
				CLANG_ANALYZER_NUMBER_OBJECT_CONVERSION = YES_AGGRESSIVE;
				CLANG_CXX_LANGUAGE_STANDARD = "gnu++14";
				CLANG_CXX_LIBRARY = "libc++";
				CLANG_ENABLE_MODULES = YES;
				CLANG_ENABLE_OBJC_ARC = YES;
				CLANG_ENABLE_OBJC_WEAK = YES;
				CLANG_WARN_BLOCK_CAPTURE_AUTORELEASING = YES;
				CLANG_WARN_BOOL_CONVERSION = YES;
				CLANG_WARN_COMMA = YES;
				CLANG_WARN_CONSTANT_CONVERSION = YES;
				CLANG_WARN_DEPRECATED_OBJC_IMPLEMENTATIONS = YES;
				CLANG_WARN_DIRECT_OBJC_ISA_USAGE = YES_ERROR;
				CLANG_WARN_DOCUMENTATION_COMMENTS = YES;
				CLANG_WARN_EMPTY_BODY = YES;
				CLANG_WARN_ENUM_CONVERSION = YES;
				CLANG_WARN_INFINITE_RECURSION = YES;
				CLANG_WARN_INT_CONVERSION = YES;
				CLANG_WARN_NON_LITERAL_NULL_CONVERSION = YES;
				CLANG_WARN_OBJC_IMPLICIT_RETAIN_SELF = YES;
				CLANG_WARN_OBJC_LITERAL_CONVERSION = YES;
				CLANG_WARN_OBJC_ROOT_CLASS = YES_ERROR;
				CLANG_WARN_RANGE_LOOP_ANALYSIS = YES;
				CLANG_WARN_STRICT_PROTOTYPES = YES;
				CLANG_WARN_SUSPICIOUS_MOVE = YES;
				CLANG_WARN_UNGUARDED_AVAILABILITY = YES_AGGRESSIVE;
				CLANG_WARN_UNREACHABLE_CODE = YES;
				CLANG_WARN__DUPLICATE_METHOD_MATCH = YES;
				CODE_SIGN_IDENTITY = "iPhone Developer";
				COPY_PHASE_STRIP = NO;
				DEBUG_INFORMATION_FORMAT = dwarf;
				ENABLE_STRICT_OBJC_MSGSEND = YES;
				ENABLE_TESTABILITY = YES;
				GCC_C_LANGUAGE_STANDARD = gnu11;
				GCC_DYNAMIC_NO_PIC = NO;
				GCC_NO_COMMON_BLOCKS = YES;
				GCC_OPTIMIZATION_LEVEL = 0;
				GCC_PREPROCESSOR_DEFINITIONS = (
					"DEBUG=1",
					"$(inherited)",
				);
				GCC_WARN_64_TO_32_BIT_CONVERSION = YES;
				GCC_WARN_ABOUT_RETURN_TYPE = YES_ERROR;
				GCC_WARN_UNDECLARED_SELECTOR = YES;
				GCC_WARN_UNINITIALIZED_AUTOS = YES_AGGRESSIVE;
				GCC_WARN_UNUSED_FUNCTION = YES;
				GCC_WARN_UNUSED_VARIABLE = YES;
				IPHONEOS_DEPLOYMENT_TARGET = 12.0;
				MTL_ENABLE_DEBUG_INFO = INCLUDE_SOURCE;
				MTL_FAST_MATH = YES;
				ONLY_ACTIVE_ARCH = YES;
				SDKROOT = iphoneos;
				SWIFT_ACTIVE_COMPILATION_CONDITIONS = DEBUG;
				SWIFT_OPTIMIZATION_LEVEL = "-Onone";
			};
			name = Debug;
		};
		BB9070872110E02400E0AA08 /* Release */ = {
			isa = XCBuildConfiguration;
			buildSettings = {
				ALWAYS_SEARCH_USER_PATHS = NO;
				CLANG_ANALYZER_NONNULL = YES;
				CLANG_ANALYZER_NUMBER_OBJECT_CONVERSION = YES_AGGRESSIVE;
				CLANG_CXX_LANGUAGE_STANDARD = "gnu++14";
				CLANG_CXX_LIBRARY = "libc++";
				CLANG_ENABLE_MODULES = YES;
				CLANG_ENABLE_OBJC_ARC = YES;
				CLANG_ENABLE_OBJC_WEAK = YES;
				CLANG_WARN_BLOCK_CAPTURE_AUTORELEASING = YES;
				CLANG_WARN_BOOL_CONVERSION = YES;
				CLANG_WARN_COMMA = YES;
				CLANG_WARN_CONSTANT_CONVERSION = YES;
				CLANG_WARN_DEPRECATED_OBJC_IMPLEMENTATIONS = YES;
				CLANG_WARN_DIRECT_OBJC_ISA_USAGE = YES_ERROR;
				CLANG_WARN_DOCUMENTATION_COMMENTS = YES;
				CLANG_WARN_EMPTY_BODY = YES;
				CLANG_WARN_ENUM_CONVERSION = YES;
				CLANG_WARN_INFINITE_RECURSION = YES;
				CLANG_WARN_INT_CONVERSION = YES;
				CLANG_WARN_NON_LITERAL_NULL_CONVERSION = YES;
				CLANG_WARN_OBJC_IMPLICIT_RETAIN_SELF = YES;
				CLANG_WARN_OBJC_LITERAL_CONVERSION = YES;
				CLANG_WARN_OBJC_ROOT_CLASS = YES_ERROR;
				CLANG_WARN_RANGE_LOOP_ANALYSIS = YES;
				CLANG_WARN_STRICT_PROTOTYPES = YES;
				CLANG_WARN_SUSPICIOUS_MOVE = YES;
				CLANG_WARN_UNGUARDED_AVAILABILITY = YES_AGGRESSIVE;
				CLANG_WARN_UNREACHABLE_CODE = YES;
				CLANG_WARN__DUPLICATE_METHOD_MATCH = YES;
				CODE_SIGN_IDENTITY = "iPhone Developer";
				COPY_PHASE_STRIP = NO;
				DEBUG_INFORMATION_FORMAT = "dwarf-with-dsym";
				ENABLE_NS_ASSERTIONS = NO;
				ENABLE_STRICT_OBJC_MSGSEND = YES;
				GCC_C_LANGUAGE_STANDARD = gnu11;
				GCC_NO_COMMON_BLOCKS = YES;
				GCC_WARN_64_TO_32_BIT_CONVERSION = YES;
				GCC_WARN_ABOUT_RETURN_TYPE = YES_ERROR;
				GCC_WARN_UNDECLARED_SELECTOR = YES;
				GCC_WARN_UNINITIALIZED_AUTOS = YES_AGGRESSIVE;
				GCC_WARN_UNUSED_FUNCTION = YES;
				GCC_WARN_UNUSED_VARIABLE = YES;
				IPHONEOS_DEPLOYMENT_TARGET = 12.0;
				MTL_ENABLE_DEBUG_INFO = NO;
				MTL_FAST_MATH = YES;
				SDKROOT = iphoneos;
				SWIFT_COMPILATION_MODE = wholemodule;
				SWIFT_OPTIMIZATION_LEVEL = "-O";
				VALIDATE_PRODUCT = YES;
			};
			name = Release;
		};
		BB9070892110E02400E0AA08 /* Debug */ = {
			isa = XCBuildConfiguration;
			buildSettings = {
				ASSETCATALOG_COMPILER_APPICON_NAME = AppIcon;
				CODE_SIGN_STYLE = Automatic;
				DEVELOPMENT_TEAM = ATMW4AU45H;
				INFOPLIST_FILE = GiphyExplorer/Info.plist;
				IPHONEOS_DEPLOYMENT_TARGET = 11.0;
				LD_RUNPATH_SEARCH_PATHS = (
					"$(inherited)",
					"@executable_path/Frameworks",
				);
				PRODUCT_BUNDLE_IDENTIFIER = de.343max.GiphyExplorer;
				PRODUCT_NAME = "$(TARGET_NAME)";
				SWIFT_VERSION = 4.2;
				TARGETED_DEVICE_FAMILY = "1,2";
			};
			name = Debug;
		};
		BB90708A2110E02400E0AA08 /* Release */ = {
			isa = XCBuildConfiguration;
			buildSettings = {
				ASSETCATALOG_COMPILER_APPICON_NAME = AppIcon;
				CODE_SIGN_STYLE = Automatic;
				DEVELOPMENT_TEAM = ATMW4AU45H;
				INFOPLIST_FILE = GiphyExplorer/Info.plist;
				IPHONEOS_DEPLOYMENT_TARGET = 11.0;
				LD_RUNPATH_SEARCH_PATHS = (
					"$(inherited)",
					"@executable_path/Frameworks",
				);
				PRODUCT_BUNDLE_IDENTIFIER = de.343max.GiphyExplorer;
				PRODUCT_NAME = "$(TARGET_NAME)";
				SWIFT_VERSION = 4.2;
				TARGETED_DEVICE_FAMILY = "1,2";
			};
			name = Release;
		};
		BB90708C2110E02400E0AA08 /* Debug */ = {
			isa = XCBuildConfiguration;
			buildSettings = {
				ALWAYS_EMBED_SWIFT_STANDARD_LIBRARIES = YES;
				BUNDLE_LOADER = "$(TEST_HOST)";
				CODE_SIGN_STYLE = Automatic;
				INFOPLIST_FILE = GiphyExplorerTests/Info.plist;
				LD_RUNPATH_SEARCH_PATHS = (
					"$(inherited)",
					"@executable_path/Frameworks",
					"@loader_path/Frameworks",
				);
				PRODUCT_BUNDLE_IDENTIFIER = de.343max.GiphyExplorerTests;
				PRODUCT_NAME = "$(TARGET_NAME)";
				SWIFT_VERSION = 4.2;
				TARGETED_DEVICE_FAMILY = "1,2";
				TEST_HOST = "$(BUILT_PRODUCTS_DIR)/GiphyExplorer.app/GiphyExplorer";
			};
			name = Debug;
		};
		BB90708D2110E02400E0AA08 /* Release */ = {
			isa = XCBuildConfiguration;
			buildSettings = {
				ALWAYS_EMBED_SWIFT_STANDARD_LIBRARIES = YES;
				BUNDLE_LOADER = "$(TEST_HOST)";
				CODE_SIGN_STYLE = Automatic;
				INFOPLIST_FILE = GiphyExplorerTests/Info.plist;
				LD_RUNPATH_SEARCH_PATHS = (
					"$(inherited)",
					"@executable_path/Frameworks",
					"@loader_path/Frameworks",
				);
				PRODUCT_BUNDLE_IDENTIFIER = de.343max.GiphyExplorerTests;
				PRODUCT_NAME = "$(TARGET_NAME)";
				SWIFT_VERSION = 4.2;
				TARGETED_DEVICE_FAMILY = "1,2";
				TEST_HOST = "$(BUILT_PRODUCTS_DIR)/GiphyExplorer.app/GiphyExplorer";
			};
			name = Release;
		};
/* End XCBuildConfiguration section */

/* Begin XCConfigurationList section */
		BB9070642110E02100E0AA08 /* Build configuration list for PBXProject "GiphyExplorer" */ = {
			isa = XCConfigurationList;
			buildConfigurations = (
				BB9070862110E02400E0AA08 /* Debug */,
				BB9070872110E02400E0AA08 /* Release */,
			);
			defaultConfigurationIsVisible = 0;
			defaultConfigurationName = Release;
		};
		BB9070882110E02400E0AA08 /* Build configuration list for PBXNativeTarget "GiphyExplorer" */ = {
			isa = XCConfigurationList;
			buildConfigurations = (
				BB9070892110E02400E0AA08 /* Debug */,
				BB90708A2110E02400E0AA08 /* Release */,
			);
			defaultConfigurationIsVisible = 0;
			defaultConfigurationName = Release;
		};
		BB90708B2110E02400E0AA08 /* Build configuration list for PBXNativeTarget "GiphyExplorerTests" */ = {
			isa = XCConfigurationList;
			buildConfigurations = (
				BB90708C2110E02400E0AA08 /* Debug */,
				BB90708D2110E02400E0AA08 /* Release */,
			);
			defaultConfigurationIsVisible = 0;
			defaultConfigurationName = Release;
		};
/* End XCConfigurationList section */
	};
	rootObject = BB9070612110E02100E0AA08 /* Project object */;
}
